
Microsoft Visual Studio Solution File, Format Version 12.00
# Visual Studio 15
Project("{FAE04EC0-301F-11D3-BF4B-00C04F79EFBC}") = "Unity.RenderStreaming.GyroSample", "Unity.RenderStreaming.GyroSample.csproj", "{6AF70B03-FFC2-64E3-2C55-9AD1FEF8A42F}"
EndProject
Project("{FAE04EC0-301F-11D3-BF4B-00C04F79EFBC}") = "Unity.RenderStreaming.ARFoundationSample", "Unity.RenderStreaming.ARFoundationSample.csproj", "{C0FF3CCE-C8D7-7934-EC6A-2E3B30DE4D70}"
EndProject
Project("{FAE04EC0-301F-11D3-BF4B-00C04F79EFBC}") = "Assembly-CSharp", "Assembly-CSharp.csproj", "{99EDA57C-5992-CD3B-5AAA-B166680E712E}"
EndProject
Global
	GlobalSection(SolutionConfigurationPlatforms) = preSolution
		Debug|Any CPU = Debug|Any CPU
		Release|Any CPU = Release|Any CPU
	EndGlobalSection
	GlobalSection(ProjectConfigurationPlatforms) = postSolution
		{6AF70B03-FFC2-64E3-2C55-9AD1FEF8A42F}.Debug|Any CPU.ActiveCfg = Debug|Any CPU
		{6AF70B03-FFC2-64E3-2C55-9AD1FEF8A42F}.Debug|Any CPU.Build.0 = Debug|Any CPU
		{6AF70B03-FFC2-64E3-2C55-9AD1FEF8A42F}.Release|Any CPU.ActiveCfg = Release|Any CPU
		{6AF70B03-FFC2-64E3-2C55-9AD1FEF8A42F}.Release|Any CPU.Build.0 = Release|Any CPU
		{C0FF3CCE-C8D7-7934-EC6A-2E3B30DE4D70}.Debug|Any CPU.ActiveCfg = Debug|Any CPU
		{C0FF3CCE-C8D7-7934-EC6A-2E3B30DE4D70}.Debug|Any CPU.Build.0 = Debug|Any CPU
		{C0FF3CCE-C8D7-7934-EC6A-2E3B30DE4D70}.Release|Any CPU.ActiveCfg = Release|Any CPU
		{C0FF3CCE-C8D7-7934-EC6A-2E3B30DE4D70}.Release|Any CPU.Build.0 = Release|Any CPU
		{99EDA57C-5992-CD3B-5AAA-B166680E712E}.Debug|Any CPU.ActiveCfg = Debug|Any CPU
		{99EDA57C-5992-CD3B-5AAA-B166680E712E}.Debug|Any CPU.Build.0 = Debug|Any CPU
		{99EDA57C-5992-CD3B-5AAA-B166680E712E}.Release|Any CPU.ActiveCfg = Release|Any CPU
		{99EDA57C-5992-CD3B-5AAA-B166680E712E}.Release|Any CPU.Build.0 = Release|Any CPU
	EndGlobalSection
	GlobalSection(SolutionProperties) = preSolution
		HideSolutionNode = FALSE
	EndGlobalSection
EndGlobal
